
Microsoft Visual Studio Solution File, Format Version 12.00
# Visual Studio Version 16
VisualStudioVersion = 16.0.30114.105
MinimumVisualStudioVersion = 10.0.40219.1
Project("{FAE04EC0-301F-11D3-BF4B-00C04F79EFBC}") = "ExemploPOO", "ExemploPOO\ExemploPOO.csproj", "{353AE511-9152-43DF-9503-1E6810E2B900}"
EndProject
Project("{FAE04EC0-301F-11D3-BF4B-00C04F79EFBC}") = "construtores", "construtores\construtores.csproj", "{9918912C-DCBF-4AD9-B603-FE8815375284}"
EndProject
Global
	GlobalSection(SolutionConfigurationPlatforms) = preSolution
		Debug|Any CPU = Debug|Any CPU
		Release|Any CPU = Release|Any CPU
	EndGlobalSection
	GlobalSection(SolutionProperties) = preSolution
		HideSolutionNode = FALSE
	EndGlobalSection
	GlobalSection(ProjectConfigurationPlatforms) = postSolution
		{353AE511-9152-43DF-9503-1E6810E2B900}.Debug|Any CPU.ActiveCfg = Debug|Any CPU
		{353AE511-9152-43DF-9503-1E6810E2B900}.Debug|Any CPU.Build.0 = Debug|Any CPU
		{353AE511-9152-43DF-9503-1E6810E2B900}.Release|Any CPU.ActiveCfg = Release|Any CPU
		{353AE511-9152-43DF-9503-1E6810E2B900}.Release|Any CPU.Build.0 = Release|Any CPU
		{9918912C-DCBF-4AD9-B603-FE8815375284}.Debug|Any CPU.ActiveCfg = Debug|Any CPU
		{9918912C-DCBF-4AD9-B603-FE8815375284}.Debug|Any CPU.Build.0 = Debug|Any CPU
		{9918912C-DCBF-4AD9-B603-FE8815375284}.Release|Any CPU.ActiveCfg = Release|Any CPU
		{9918912C-DCBF-4AD9-B603-FE8815375284}.Release|Any CPU.Build.0 = Release|Any CPU
	EndGlobalSection
EndGlobal
